
Microsoft Visual Studio Solution File, Format Version 12.00
# Visual Studio Version 17
VisualStudioVersion = 17.12.35527.113 d17.12
MinimumVisualStudioVersion = 10.0.40219.1
Project("{FAE04EC0-301F-11D3-BF4B-00C04F79EFBC}") = "lab3smritidotnet", "lab3smritidotnet\lab3smritidotnet.csproj", "{F285F344-6E84-4649-9D01-FFED2BDA4CDE}"
EndProject
Global
	GlobalSection(SolutionConfigurationPlatforms) = preSolution
		Debug|Any CPU = Debug|Any CPU
		Release|Any CPU = Release|Any CPU
	EndGlobalSection
	GlobalSection(ProjectConfigurationPlatforms) = postSolution
		{F285F344-6E84-4649-9D01-FFED2BDA4CDE}.Debug|Any CPU.ActiveCfg = Debug|Any CPU
		{F285F344-6E84-4649-9D01-FFED2BDA4CDE}.Debug|Any CPU.Build.0 = Debug|Any CPU
		{F285F344-6E84-4649-9D01-FFED2BDA4CDE}.Release|Any CPU.ActiveCfg = Release|Any CPU
		{F285F344-6E84-4649-9D01-FFED2BDA4CDE}.Release|Any CPU.Build.0 = Release|Any CPU
	EndGlobalSection
	GlobalSection(SolutionProperties) = preSolution
		HideSolutionNode = FALSE
	EndGlobalSection
EndGlobal
